
Microsoft Visual Studio Solution File, Format Version 12.00
# Visual Studio Version 16
VisualStudioVersion = 16.0.31729.503
MinimumVisualStudioVersion = 10.0.40219.1
Project("{FAE04EC0-301F-11D3-BF4B-00C04F79EFBC}") = "Service", "PromotionEngine\Service.csproj", "{6C811DBF-4C87-44C2-A90A-0C46FB9E8B1E}"
EndProject
Project("{FAE04EC0-301F-11D3-BF4B-00C04F79EFBC}") = "Service.Tests", "Service.Tests\Service.Tests.csproj", "{06996494-0021-4963-ABBD-62E07EF436F7}"
EndProject
Global
	GlobalSection(SolutionConfigurationPlatforms) = preSolution
		Debug|Any CPU = Debug|Any CPU
		Release|Any CPU = Release|Any CPU
	EndGlobalSection
	GlobalSection(ProjectConfigurationPlatforms) = postSolution
		{6C811DBF-4C87-44C2-A90A-0C46FB9E8B1E}.Debug|Any CPU.ActiveCfg = Debug|Any CPU
		{6C811DBF-4C87-44C2-A90A-0C46FB9E8B1E}.Debug|Any CPU.Build.0 = Debug|Any CPU
		{6C811DBF-4C87-44C2-A90A-0C46FB9E8B1E}.Release|Any CPU.ActiveCfg = Release|Any CPU
		{6C811DBF-4C87-44C2-A90A-0C46FB9E8B1E}.Release|Any CPU.Build.0 = Release|Any CPU
		{06996494-0021-4963-ABBD-62E07EF436F7}.Debug|Any CPU.ActiveCfg = Debug|Any CPU
		{06996494-0021-4963-ABBD-62E07EF436F7}.Debug|Any CPU.Build.0 = Debug|Any CPU
		{06996494-0021-4963-ABBD-62E07EF436F7}.Release|Any CPU.ActiveCfg = Release|Any CPU
		{06996494-0021-4963-ABBD-62E07EF436F7}.Release|Any CPU.Build.0 = Release|Any CPU
	EndGlobalSection
	GlobalSection(SolutionProperties) = preSolution
		HideSolutionNode = FALSE
	EndGlobalSection
	GlobalSection(ExtensibilityGlobals) = postSolution
		SolutionGuid = {B8920F5C-4A0D-4FB8-8561-99736D9540F5}
	EndGlobalSection
EndGlobal
